
Microsoft Visual Studio Solution File, Format Version 12.00
# Visual Studio Version 17
VisualStudioVersion = 17.9.34714.143
MinimumVisualStudioVersion = 10.0.40219.1
Project("{FAE04EC0-301F-11D3-BF4B-00C04F79EFBC}") = "HouseRentingSystem.Server", "HouseRentingSystem.Server\HouseRentingSystem.Server.csproj", "{13CC4C67-7F38-42A0-A41C-A55196830348}"
EndProject
Project("{54A90642-561A-4BB1-A94E-469ADEE60C69}") = "houserentingsystem.client", "houserentingsystem.client\houserentingsystem.client.esproj", "{2ECA842A-4EED-4495-B472-E7E44FE3440A}"
EndProject
Global
	GlobalSection(SolutionConfigurationPlatforms) = preSolution
		Debug|Any CPU = Debug|Any CPU
		Release|Any CPU = Release|Any CPU
	EndGlobalSection
	GlobalSection(ProjectConfigurationPlatforms) = postSolution
		{13CC4C67-7F38-42A0-A41C-A55196830348}.Debug|Any CPU.ActiveCfg = Debug|Any CPU
		{13CC4C67-7F38-42A0-A41C-A55196830348}.Debug|Any CPU.Build.0 = Debug|Any CPU
		{13CC4C67-7F38-42A0-A41C-A55196830348}.Release|Any CPU.ActiveCfg = Release|Any CPU
		{13CC4C67-7F38-42A0-A41C-A55196830348}.Release|Any CPU.Build.0 = Release|Any CPU
		{2ECA842A-4EED-4495-B472-E7E44FE3440A}.Debug|Any CPU.ActiveCfg = Debug|Any CPU
		{2ECA842A-4EED-4495-B472-E7E44FE3440A}.Debug|Any CPU.Build.0 = Debug|Any CPU
		{2ECA842A-4EED-4495-B472-E7E44FE3440A}.Debug|Any CPU.Deploy.0 = Debug|Any CPU
		{2ECA842A-4EED-4495-B472-E7E44FE3440A}.Release|Any CPU.ActiveCfg = Release|Any CPU
		{2ECA842A-4EED-4495-B472-E7E44FE3440A}.Release|Any CPU.Build.0 = Release|Any CPU
		{2ECA842A-4EED-4495-B472-E7E44FE3440A}.Release|Any CPU.Deploy.0 = Release|Any CPU
	EndGlobalSection
	GlobalSection(SolutionProperties) = preSolution
		HideSolutionNode = FALSE
	EndGlobalSection
	GlobalSection(ExtensibilityGlobals) = postSolution
		SolutionGuid = {BCA9DA0F-F92F-450C-A4D1-344D54DD317D}
	EndGlobalSection
EndGlobal
