
Microsoft Visual Studio Solution File, Format Version 12.00
# Visual Studio Version 17
VisualStudioVersion = 17.9.34714.143
MinimumVisualStudioVersion = 10.0.40219.1
Project("{FAE04EC0-301F-11D3-BF4B-00C04F79EFBC}") = "HouseRentingSystem", "HouseRentingSystem\HouseRentingSystem.csproj", "{42F8B760-6D66-40F4-981C-F5670561A687}"
EndProject
Global
	GlobalSection(SolutionConfigurationPlatforms) = preSolution
		Debug|Any CPU = Debug|Any CPU
		Release|Any CPU = Release|Any CPU
	EndGlobalSection
	GlobalSection(ProjectConfigurationPlatforms) = postSolution
		{42F8B760-6D66-40F4-981C-F5670561A687}.Debug|Any CPU.ActiveCfg = Debug|Any CPU
		{42F8B760-6D66-40F4-981C-F5670561A687}.Debug|Any CPU.Build.0 = Debug|Any CPU
		{42F8B760-6D66-40F4-981C-F5670561A687}.Release|Any CPU.ActiveCfg = Release|Any CPU
		{42F8B760-6D66-40F4-981C-F5670561A687}.Release|Any CPU.Build.0 = Release|Any CPU
	EndGlobalSection
	GlobalSection(SolutionProperties) = preSolution
		HideSolutionNode = FALSE
	EndGlobalSection
	GlobalSection(ExtensibilityGlobals) = postSolution
		SolutionGuid = {2A6F0225-C5D1-48D3-B0A0-573B68BC013B}
	EndGlobalSection
EndGlobal
